{
  "object": {
    "pins": [
      {
        "package": "Commander",
        "repositoryURL": "https://github.com/toshi0383/Commander.git",
        "state": {
          "branch": null,
          "revision": "0724718584eaac17829d9ad1ca973ac232111bcc",
          "version": "0.8.5"
        }
      },
      {
        "package": "PathKit",
        "repositoryURL": "https://github.com/toshi0383/PathKit.git",
        "state": {
          "branch": null,
          "revision": "9be2dd407432c035b89698d49659a4aa117ac8e0",
          "version": "0.8.2"
        }
      },
      {
        "package": "Reporter",
        "repositoryURL": "https://github.com/toshi0383/Reporter.git",
        "state": {
          "branch": null,
          "revision": "b48953a430185769071724ffb1835a180ae59301",
          "version": "0.3.2"
        }
      },
      {
        "package": "Yams",
        "repositoryURL": "https://github.com/jpsim/Yams.git",
        "state": {
          "branch": null,
          "revision": "95f45caf07472ec78223ebada45255086a85b01a",
          "version": "0.5.0"
        }
      }
    ]
  },
  "version": 1
}
