{
  "object": {
    "pins": [
      {
        "package": "Commander",
        "repositoryURL": "https://github.com/toshi0383/Commander.git",
        "state": {
          "branch": null,
          "revision": "847902e4c846edc6a43963c10af63582957287ef",
          "version": "0.9.4"
        }
      },
      {
        "package": "Reporter",
        "repositoryURL": "https://github.com/toshi0383/Reporter.git",
        "state": {
          "branch": null,
          "revision": "b48953a430185769071724ffb1835a180ae59301",
          "version": "0.3.2"
        }
      },
      {
        "package": "Yams",
        "repositoryURL": "https://github.com/jpsim/Yams.git",
        "state": {
          "branch": null,
          "revision": "95f45caf07472ec78223ebada45255086a85b01a",
          "version": "0.5.0"
        }
      }
    ]
  },
  "version": 1
}
